
Microsoft Visual Studio Solution File, Format Version 11.00
# Visual Studio 2010
Project("{FAE04EC0-301F-11D3-BF4B-00C04F79EFBC}") = "autonomiczny_samochod", "autonomiczny_samochod\autonomiczny_samochod.csproj", "{E23EBE5E-CF61-479E-AA5E-3BE971E03653}"
EndProject
Project("{FAE04EC0-301F-11D3-BF4B-00C04F79EFBC}") = "Pololu_SDK", "Pololu_SDK\Pololu_SDK.csproj", "{D5FC0F68-CE19-4BB2-9D90-48B78E54B9EC}"
EndProject
Project("{FAE04EC0-301F-11D3-BF4B-00C04F79EFBC}") = "car_communicator", "car_communicator\car_communicator.csproj", "{804493BE-F174-4453-B575-8728EC5973C1}"
EndProject
Global
	GlobalSection(SolutionConfigurationPlatforms) = preSolution
		Debug|Any CPU = Debug|Any CPU
		Debug|Mixed Platforms = Debug|Mixed Platforms
		Debug|x86 = Debug|x86
		Release|Any CPU = Release|Any CPU
		Release|Mixed Platforms = Release|Mixed Platforms
		Release|x86 = Release|x86
	EndGlobalSection
	GlobalSection(ProjectConfigurationPlatforms) = postSolution
		{E23EBE5E-CF61-479E-AA5E-3BE971E03653}.Debug|Any CPU.ActiveCfg = Debug|x86
		{E23EBE5E-CF61-479E-AA5E-3BE971E03653}.Debug|Mixed Platforms.ActiveCfg = Debug|x86
		{E23EBE5E-CF61-479E-AA5E-3BE971E03653}.Debug|Mixed Platforms.Build.0 = Debug|x86
		{E23EBE5E-CF61-479E-AA5E-3BE971E03653}.Debug|x86.ActiveCfg = Debug|x86
		{E23EBE5E-CF61-479E-AA5E-3BE971E03653}.Debug|x86.Build.0 = Debug|x86
		{E23EBE5E-CF61-479E-AA5E-3BE971E03653}.Release|Any CPU.ActiveCfg = Release|x86
		{E23EBE5E-CF61-479E-AA5E-3BE971E03653}.Release|Mixed Platforms.ActiveCfg = Release|x86
		{E23EBE5E-CF61-479E-AA5E-3BE971E03653}.Release|Mixed Platforms.Build.0 = Release|x86
		{E23EBE5E-CF61-479E-AA5E-3BE971E03653}.Release|x86.ActiveCfg = Release|x86
		{E23EBE5E-CF61-479E-AA5E-3BE971E03653}.Release|x86.Build.0 = Release|x86
		{D5FC0F68-CE19-4BB2-9D90-48B78E54B9EC}.Debug|Any CPU.ActiveCfg = Debug|Any CPU
		{D5FC0F68-CE19-4BB2-9D90-48B78E54B9EC}.Debug|Any CPU.Build.0 = Debug|Any CPU
		{D5FC0F68-CE19-4BB2-9D90-48B78E54B9EC}.Debug|Mixed Platforms.ActiveCfg = Debug|Any CPU
		{D5FC0F68-CE19-4BB2-9D90-48B78E54B9EC}.Debug|Mixed Platforms.Build.0 = Debug|Any CPU
		{D5FC0F68-CE19-4BB2-9D90-48B78E54B9EC}.Debug|x86.ActiveCfg = Debug|Any CPU
		{D5FC0F68-CE19-4BB2-9D90-48B78E54B9EC}.Release|Any CPU.ActiveCfg = Release|Any CPU
		{D5FC0F68-CE19-4BB2-9D90-48B78E54B9EC}.Release|Any CPU.Build.0 = Release|Any CPU
		{D5FC0F68-CE19-4BB2-9D90-48B78E54B9EC}.Release|Mixed Platforms.ActiveCfg = Release|Any CPU
		{D5FC0F68-CE19-4BB2-9D90-48B78E54B9EC}.Release|Mixed Platforms.Build.0 = Release|Any CPU
		{D5FC0F68-CE19-4BB2-9D90-48B78E54B9EC}.Release|x86.ActiveCfg = Release|Any CPU
		{804493BE-F174-4453-B575-8728EC5973C1}.Debug|Any CPU.ActiveCfg = Debug|Any CPU
		{804493BE-F174-4453-B575-8728EC5973C1}.Debug|Any CPU.Build.0 = Debug|Any CPU
		{804493BE-F174-4453-B575-8728EC5973C1}.Debug|Mixed Platforms.ActiveCfg = Debug|Any CPU
		{804493BE-F174-4453-B575-8728EC5973C1}.Debug|Mixed Platforms.Build.0 = Debug|Any CPU
		{804493BE-F174-4453-B575-8728EC5973C1}.Debug|x86.ActiveCfg = Debug|Any CPU
		{804493BE-F174-4453-B575-8728EC5973C1}.Release|Any CPU.ActiveCfg = Release|Any CPU
		{804493BE-F174-4453-B575-8728EC5973C1}.Release|Any CPU.Build.0 = Release|Any CPU
		{804493BE-F174-4453-B575-8728EC5973C1}.Release|Mixed Platforms.ActiveCfg = Release|Any CPU
		{804493BE-F174-4453-B575-8728EC5973C1}.Release|Mixed Platforms.Build.0 = Release|Any CPU
		{804493BE-F174-4453-B575-8728EC5973C1}.Release|x86.ActiveCfg = Release|Any CPU
	EndGlobalSection
	GlobalSection(SolutionProperties) = preSolution
		HideSolutionNode = FALSE
	EndGlobalSection
EndGlobal
